
Microsoft Visual Studio Solution File, Format Version 12.00
# Visual Studio 14
VisualStudioVersion = 14.0.25123.0
MinimumVisualStudioVersion = 10.0.40219.1
Project("{FAE04EC0-301F-11D3-BF4B-00C04F79EFBC}") = "WinperUpdateServer", "WinperUpdateServer\WinperUpdateServer.csproj", "{6D52CA24-F5A6-4369-8CBA-6BC73ACC898F}"
EndProject
Project("{FAE04EC0-301F-11D3-BF4B-00C04F79EFBC}") = "ProcessMsg", "ProcessMsg\ProcessMsg.csproj", "{3B5F2675-EA22-4C4F-83F4-CED29434AFB1}"
EndProject
Project("{FAE04EC0-301F-11D3-BF4B-00C04F79EFBC}") = "WinperUpdateClient", "WinperUpdateClient\WinperUpdateClient.csproj", "{E36039D5-9B05-41EA-8270-7FD8E75F8D44}"
EndProject
Project("{FAE04EC0-301F-11D3-BF4B-00C04F79EFBC}") = "ConnectorDB", "Connector\ConnectorDB.csproj", "{F48765CB-5523-46DE-BE37-9899DBBDA403}"
EndProject
Project("{FAE04EC0-301F-11D3-BF4B-00C04F79EFBC}") = "WinperUpdateDAO", "WinperUpdateDAO\WinperUpdateDAO.csproj", "{26B7CD4C-0664-475C-A006-908F85DAB038}"
EndProject
Project("{FAE04EC0-301F-11D3-BF4B-00C04F79EFBC}") = "WinPerUpdateAdmin", "WinPerUpdateAdmin\WinPerUpdateAdmin.csproj", "{064A54CA-6A7C-4A1D-A85C-417D6773EFC5}"
EndProject
Project("{FAE04EC0-301F-11D3-BF4B-00C04F79EFBC}") = "WinPerUpdateUI", "WinPerUpdateUI\WinPerUpdateUI.csproj", "{C3C98F2B-E1EB-4534-9AC9-B3E9D5840F1E}"
EndProject
Global
	GlobalSection(SolutionConfigurationPlatforms) = preSolution
		Debug|Any CPU = Debug|Any CPU
		Release|Any CPU = Release|Any CPU
	EndGlobalSection
	GlobalSection(ProjectConfigurationPlatforms) = postSolution
		{6D52CA24-F5A6-4369-8CBA-6BC73ACC898F}.Debug|Any CPU.ActiveCfg = Debug|Any CPU
		{6D52CA24-F5A6-4369-8CBA-6BC73ACC898F}.Debug|Any CPU.Build.0 = Debug|Any CPU
		{6D52CA24-F5A6-4369-8CBA-6BC73ACC898F}.Release|Any CPU.ActiveCfg = Release|Any CPU
		{6D52CA24-F5A6-4369-8CBA-6BC73ACC898F}.Release|Any CPU.Build.0 = Release|Any CPU
		{3B5F2675-EA22-4C4F-83F4-CED29434AFB1}.Debug|Any CPU.ActiveCfg = Debug|Any CPU
		{3B5F2675-EA22-4C4F-83F4-CED29434AFB1}.Debug|Any CPU.Build.0 = Debug|Any CPU
		{3B5F2675-EA22-4C4F-83F4-CED29434AFB1}.Release|Any CPU.ActiveCfg = Release|Any CPU
		{3B5F2675-EA22-4C4F-83F4-CED29434AFB1}.Release|Any CPU.Build.0 = Release|Any CPU
		{E36039D5-9B05-41EA-8270-7FD8E75F8D44}.Debug|Any CPU.ActiveCfg = Debug|Any CPU
		{E36039D5-9B05-41EA-8270-7FD8E75F8D44}.Debug|Any CPU.Build.0 = Debug|Any CPU
		{E36039D5-9B05-41EA-8270-7FD8E75F8D44}.Release|Any CPU.ActiveCfg = Release|Any CPU
		{E36039D5-9B05-41EA-8270-7FD8E75F8D44}.Release|Any CPU.Build.0 = Release|Any CPU
		{F48765CB-5523-46DE-BE37-9899DBBDA403}.Debug|Any CPU.ActiveCfg = Debug|Any CPU
		{F48765CB-5523-46DE-BE37-9899DBBDA403}.Debug|Any CPU.Build.0 = Debug|Any CPU
		{F48765CB-5523-46DE-BE37-9899DBBDA403}.Release|Any CPU.ActiveCfg = Release|Any CPU
		{F48765CB-5523-46DE-BE37-9899DBBDA403}.Release|Any CPU.Build.0 = Release|Any CPU
		{26B7CD4C-0664-475C-A006-908F85DAB038}.Debug|Any CPU.ActiveCfg = Debug|Any CPU
		{26B7CD4C-0664-475C-A006-908F85DAB038}.Debug|Any CPU.Build.0 = Debug|Any CPU
		{26B7CD4C-0664-475C-A006-908F85DAB038}.Release|Any CPU.ActiveCfg = Release|Any CPU
		{26B7CD4C-0664-475C-A006-908F85DAB038}.Release|Any CPU.Build.0 = Release|Any CPU
		{064A54CA-6A7C-4A1D-A85C-417D6773EFC5}.Debug|Any CPU.ActiveCfg = Debug|Any CPU
		{064A54CA-6A7C-4A1D-A85C-417D6773EFC5}.Debug|Any CPU.Build.0 = Debug|Any CPU
		{064A54CA-6A7C-4A1D-A85C-417D6773EFC5}.Release|Any CPU.ActiveCfg = Release|Any CPU
		{064A54CA-6A7C-4A1D-A85C-417D6773EFC5}.Release|Any CPU.Build.0 = Release|Any CPU
		{C3C98F2B-E1EB-4534-9AC9-B3E9D5840F1E}.Debug|Any CPU.ActiveCfg = Debug|Any CPU
		{C3C98F2B-E1EB-4534-9AC9-B3E9D5840F1E}.Debug|Any CPU.Build.0 = Debug|Any CPU
		{C3C98F2B-E1EB-4534-9AC9-B3E9D5840F1E}.Release|Any CPU.ActiveCfg = Release|Any CPU
		{C3C98F2B-E1EB-4534-9AC9-B3E9D5840F1E}.Release|Any CPU.Build.0 = Release|Any CPU
	EndGlobalSection
	GlobalSection(SolutionProperties) = preSolution
		HideSolutionNode = FALSE
	EndGlobalSection
EndGlobal
